
Microsoft Visual Studio Solution File, Format Version 12.00
# Visual Studio Version 16
VisualStudioVersion = 16.0.31424.327
MinimumVisualStudioVersion = 10.0.40219.1
Project("{FAE04EC0-301F-11D3-BF4B-00C04F79EFBC}") = "SayiTahminOyunu", "SayiTahminOyunu\SayiTahminOyunu.csproj", "{72DB4F2E-45BF-4CEC-9725-6F13B304AE0E}"
EndProject
Global
	GlobalSection(SolutionConfigurationPlatforms) = preSolution
		Debug|Any CPU = Debug|Any CPU
		Release|Any CPU = Release|Any CPU
	EndGlobalSection
	GlobalSection(ProjectConfigurationPlatforms) = postSolution
		{72DB4F2E-45BF-4CEC-9725-6F13B304AE0E}.Debug|Any CPU.ActiveCfg = Debug|Any CPU
		{72DB4F2E-45BF-4CEC-9725-6F13B304AE0E}.Debug|Any CPU.Build.0 = Debug|Any CPU
		{72DB4F2E-45BF-4CEC-9725-6F13B304AE0E}.Release|Any CPU.ActiveCfg = Release|Any CPU
		{72DB4F2E-45BF-4CEC-9725-6F13B304AE0E}.Release|Any CPU.Build.0 = Release|Any CPU
	EndGlobalSection
	GlobalSection(SolutionProperties) = preSolution
		HideSolutionNode = FALSE
	EndGlobalSection
	GlobalSection(ExtensibilityGlobals) = postSolution
		SolutionGuid = {F56D1D47-F46A-4684-AB2C-4492C2E40F9E}
	EndGlobalSection
EndGlobal
